
Microsoft Visual Studio Solution File, Format Version 12.00
# Visual Studio Version 17
VisualStudioVersion = 17.9.34728.123
MinimumVisualStudioVersion = 10.0.40219.1
Project("{FAE04EC0-301F-11D3-BF4B-00C04F79EFBC}") = "WebDelivery2", "WebDelivery2.csproj", "{D30315DF-CC10-4673-8A2F-36064C0D2D85}"
EndProject
Global
	GlobalSection(SolutionConfigurationPlatforms) = preSolution
		Debug|Any CPU = Debug|Any CPU
		Release|Any CPU = Release|Any CPU
	EndGlobalSection
	GlobalSection(ProjectConfigurationPlatforms) = postSolution
		{D30315DF-CC10-4673-8A2F-36064C0D2D85}.Debug|Any CPU.ActiveCfg = Debug|Any CPU
		{D30315DF-CC10-4673-8A2F-36064C0D2D85}.Debug|Any CPU.Build.0 = Debug|Any CPU
		{D30315DF-CC10-4673-8A2F-36064C0D2D85}.Release|Any CPU.ActiveCfg = Release|Any CPU
		{D30315DF-CC10-4673-8A2F-36064C0D2D85}.Release|Any CPU.Build.0 = Release|Any CPU
	EndGlobalSection
	GlobalSection(SolutionProperties) = preSolution
		HideSolutionNode = FALSE
	EndGlobalSection
	GlobalSection(ExtensibilityGlobals) = postSolution
		SolutionGuid = {6D9CE870-97B5-41F6-8C9A-237B83D1206F}
	EndGlobalSection
EndGlobal
